
Microsoft Visual Studio Solution File, Format Version 12.00
# Visual Studio 14
VisualStudioVersion = 14.0.25420.1
MinimumVisualStudioVersion = 10.0.40219.1
Project("{FAE04EC0-301F-11D3-BF4B-00C04F79EFBC}") = "ListTutorial", "ListTutorial\ListTutorial\ListTutorial.csproj", "{F0EF1055-5651-4692-9A95-770A393C71E9}"
EndProject
Project("{FAE04EC0-301F-11D3-BF4B-00C04F79EFBC}") = "ListTutorial.Droid", "ListTutorial\ListTutorial.Droid\ListTutorial.Droid.csproj", "{206FCC36-7CA2-4545-A4AA-53752BDCA5FE}"
EndProject
Project("{FAE04EC0-301F-11D3-BF4B-00C04F79EFBC}") = "ListTutorial.iOS", "ListTutorial\ListTutorial.iOS\ListTutorial.iOS.csproj", "{DFA1E7BF-18CA-4103-9284-388C92F434C1}"
EndProject
Project("{FAE04EC0-301F-11D3-BF4B-00C04F79EFBC}") = "ListTutorial.WinPhone", "ListTutorial\ListTutorial.WinPhone\ListTutorial.WinPhone.csproj", "{AF1BE553-936A-4C7F-8024-56F356B9C980}"
EndProject
Project("{FAE04EC0-301F-11D3-BF4B-00C04F79EFBC}") = "ListTutorial.Windows", "ListTutorial\ListTutorial.Windows\ListTutorial.Windows.csproj", "{4969D294-485A-4B1E-AC4C-5B9CD9EAD6B8}"
EndProject
Global
	GlobalSection(SolutionConfigurationPlatforms) = preSolution
		Ad-Hoc|Any CPU = Ad-Hoc|Any CPU
		Ad-Hoc|ARM = Ad-Hoc|ARM
		Ad-Hoc|iPhone = Ad-Hoc|iPhone
		Ad-Hoc|iPhoneSimulator = Ad-Hoc|iPhoneSimulator
		Ad-Hoc|x64 = Ad-Hoc|x64
		Ad-Hoc|x86 = Ad-Hoc|x86
		AppStore|Any CPU = AppStore|Any CPU
		AppStore|ARM = AppStore|ARM
		AppStore|iPhone = AppStore|iPhone
		AppStore|iPhoneSimulator = AppStore|iPhoneSimulator
		AppStore|x64 = AppStore|x64
		AppStore|x86 = AppStore|x86
		Debug|Any CPU = Debug|Any CPU
		Debug|ARM = Debug|ARM
		Debug|iPhone = Debug|iPhone
		Debug|iPhoneSimulator = Debug|iPhoneSimulator
		Debug|x64 = Debug|x64
		Debug|x86 = Debug|x86
		Release|Any CPU = Release|Any CPU
		Release|ARM = Release|ARM
		Release|iPhone = Release|iPhone
		Release|iPhoneSimulator = Release|iPhoneSimulator
		Release|x64 = Release|x64
		Release|x86 = Release|x86
	EndGlobalSection
	GlobalSection(ProjectConfigurationPlatforms) = postSolution
		{F0EF1055-5651-4692-9A95-770A393C71E9}.Ad-Hoc|Any CPU.ActiveCfg = Release|Any CPU
		{F0EF1055-5651-4692-9A95-770A393C71E9}.Ad-Hoc|Any CPU.Build.0 = Release|Any CPU
		{F0EF1055-5651-4692-9A95-770A393C71E9}.Ad-Hoc|ARM.ActiveCfg = Release|Any CPU
		{F0EF1055-5651-4692-9A95-770A393C71E9}.Ad-Hoc|ARM.Build.0 = Release|Any CPU
		{F0EF1055-5651-4692-9A95-770A393C71E9}.Ad-Hoc|iPhone.ActiveCfg = Release|Any CPU
		{F0EF1055-5651-4692-9A95-770A393C71E9}.Ad-Hoc|iPhone.Build.0 = Release|Any CPU
		{F0EF1055-5651-4692-9A95-770A393C71E9}.Ad-Hoc|iPhoneSimulator.ActiveCfg = Release|Any CPU
		{F0EF1055-5651-4692-9A95-770A393C71E9}.Ad-Hoc|iPhoneSimulator.Build.0 = Release|Any CPU
		{F0EF1055-5651-4692-9A95-770A393C71E9}.Ad-Hoc|x64.ActiveCfg = Release|Any CPU
		{F0EF1055-5651-4692-9A95-770A393C71E9}.Ad-Hoc|x64.Build.0 = Release|Any CPU
		{F0EF1055-5651-4692-9A95-770A393C71E9}.Ad-Hoc|x86.ActiveCfg = Release|Any CPU
		{F0EF1055-5651-4692-9A95-770A393C71E9}.Ad-Hoc|x86.Build.0 = Release|Any CPU
		{F0EF1055-5651-4692-9A95-770A393C71E9}.AppStore|Any CPU.ActiveCfg = Release|Any CPU
		{F0EF1055-5651-4692-9A95-770A393C71E9}.AppStore|Any CPU.Build.0 = Release|Any CPU
		{F0EF1055-5651-4692-9A95-770A393C71E9}.AppStore|ARM.ActiveCfg = Release|Any CPU
		{F0EF1055-5651-4692-9A95-770A393C71E9}.AppStore|ARM.Build.0 = Release|Any CPU
		{F0EF1055-5651-4692-9A95-770A393C71E9}.AppStore|iPhone.ActiveCfg = Release|Any CPU
		{F0EF1055-5651-4692-9A95-770A393C71E9}.AppStore|iPhone.Build.0 = Release|Any CPU
		{F0EF1055-5651-4692-9A95-770A393C71E9}.AppStore|iPhoneSimulator.ActiveCfg = Release|Any CPU
		{F0EF1055-5651-4692-9A95-770A393C71E9}.AppStore|iPhoneSimulator.Build.0 = Release|Any CPU
		{F0EF1055-5651-4692-9A95-770A393C71E9}.AppStore|x64.ActiveCfg = Release|Any CPU
		{F0EF1055-5651-4692-9A95-770A393C71E9}.AppStore|x64.Build.0 = Release|Any CPU
		{F0EF1055-5651-4692-9A95-770A393C71E9}.AppStore|x86.ActiveCfg = Release|Any CPU
		{F0EF1055-5651-4692-9A95-770A393C71E9}.AppStore|x86.Build.0 = Release|Any CPU
		{F0EF1055-5651-4692-9A95-770A393C71E9}.Debug|Any CPU.ActiveCfg = Debug|Any CPU
		{F0EF1055-5651-4692-9A95-770A393C71E9}.Debug|Any CPU.Build.0 = Debug|Any CPU
		{F0EF1055-5651-4692-9A95-770A393C71E9}.Debug|ARM.ActiveCfg = Debug|Any CPU
		{F0EF1055-5651-4692-9A95-770A393C71E9}.Debug|ARM.Build.0 = Debug|Any CPU
		{F0EF1055-5651-4692-9A95-770A393C71E9}.Debug|iPhone.ActiveCfg = Debug|Any CPU
		{F0EF1055-5651-4692-9A95-770A393C71E9}.Debug|iPhone.Build.0 = Debug|Any CPU
		{F0EF1055-5651-4692-9A95-770A393C71E9}.Debug|iPhoneSimulator.ActiveCfg = Debug|Any CPU
		{F0EF1055-5651-4692-9A95-770A393C71E9}.Debug|iPhoneSimulator.Build.0 = Debug|Any CPU
		{F0EF1055-5651-4692-9A95-770A393C71E9}.Debug|x64.ActiveCfg = Debug|Any CPU
		{F0EF1055-5651-4692-9A95-770A393C71E9}.Debug|x64.Build.0 = Debug|Any CPU
		{F0EF1055-5651-4692-9A95-770A393C71E9}.Debug|x86.ActiveCfg = Debug|Any CPU
		{F0EF1055-5651-4692-9A95-770A393C71E9}.Debug|x86.Build.0 = Debug|Any CPU
		{F0EF1055-5651-4692-9A95-770A393C71E9}.Release|Any CPU.ActiveCfg = Release|Any CPU
		{F0EF1055-5651-4692-9A95-770A393C71E9}.Release|Any CPU.Build.0 = Release|Any CPU
		{F0EF1055-5651-4692-9A95-770A393C71E9}.Release|ARM.ActiveCfg = Release|Any CPU
		{F0EF1055-5651-4692-9A95-770A393C71E9}.Release|ARM.Build.0 = Release|Any CPU
		{F0EF1055-5651-4692-9A95-770A393C71E9}.Release|iPhone.ActiveCfg = Release|Any CPU
		{F0EF1055-5651-4692-9A95-770A393C71E9}.Release|iPhone.Build.0 = Release|Any CPU
		{F0EF1055-5651-4692-9A95-770A393C71E9}.Release|iPhoneSimulator.ActiveCfg = Release|Any CPU
		{F0EF1055-5651-4692-9A95-770A393C71E9}.Release|iPhoneSimulator.Build.0 = Release|Any CPU
		{F0EF1055-5651-4692-9A95-770A393C71E9}.Release|x64.ActiveCfg = Release|Any CPU
		{F0EF1055-5651-4692-9A95-770A393C71E9}.Release|x64.Build.0 = Release|Any CPU
		{F0EF1055-5651-4692-9A95-770A393C71E9}.Release|x86.ActiveCfg = Release|Any CPU
		{F0EF1055-5651-4692-9A95-770A393C71E9}.Release|x86.Build.0 = Release|Any CPU
		{206FCC36-7CA2-4545-A4AA-53752BDCA5FE}.Ad-Hoc|Any CPU.ActiveCfg = Release|Any CPU
		{206FCC36-7CA2-4545-A4AA-53752BDCA5FE}.Ad-Hoc|Any CPU.Build.0 = Release|Any CPU
		{206FCC36-7CA2-4545-A4AA-53752BDCA5FE}.Ad-Hoc|Any CPU.Deploy.0 = Release|Any CPU
		{206FCC36-7CA2-4545-A4AA-53752BDCA5FE}.Ad-Hoc|ARM.ActiveCfg = Release|Any CPU
		{206FCC36-7CA2-4545-A4AA-53752BDCA5FE}.Ad-Hoc|ARM.Build.0 = Release|Any CPU
		{206FCC36-7CA2-4545-A4AA-53752BDCA5FE}.Ad-Hoc|ARM.Deploy.0 = Release|Any CPU
		{206FCC36-7CA2-4545-A4AA-53752BDCA5FE}.Ad-Hoc|iPhone.ActiveCfg = Release|Any CPU
		{206FCC36-7CA2-4545-A4AA-53752BDCA5FE}.Ad-Hoc|iPhone.Build.0 = Release|Any CPU
		{206FCC36-7CA2-4545-A4AA-53752BDCA5FE}.Ad-Hoc|iPhone.Deploy.0 = Release|Any CPU
		{206FCC36-7CA2-4545-A4AA-53752BDCA5FE}.Ad-Hoc|iPhoneSimulator.ActiveCfg = Release|Any CPU
		{206FCC36-7CA2-4545-A4AA-53752BDCA5FE}.Ad-Hoc|iPhoneSimulator.Build.0 = Release|Any CPU
		{206FCC36-7CA2-4545-A4AA-53752BDCA5FE}.Ad-Hoc|iPhoneSimulator.Deploy.0 = Release|Any CPU
		{206FCC36-7CA2-4545-A4AA-53752BDCA5FE}.Ad-Hoc|x64.ActiveCfg = Release|Any CPU
		{206FCC36-7CA2-4545-A4AA-53752BDCA5FE}.Ad-Hoc|x64.Build.0 = Release|Any CPU
		{206FCC36-7CA2-4545-A4AA-53752BDCA5FE}.Ad-Hoc|x64.Deploy.0 = Release|Any CPU
		{206FCC36-7CA2-4545-A4AA-53752BDCA5FE}.Ad-Hoc|x86.ActiveCfg = Release|Any CPU
		{206FCC36-7CA2-4545-A4AA-53752BDCA5FE}.Ad-Hoc|x86.Build.0 = Release|Any CPU
		{206FCC36-7CA2-4545-A4AA-53752BDCA5FE}.Ad-Hoc|x86.Deploy.0 = Release|Any CPU
		{206FCC36-7CA2-4545-A4AA-53752BDCA5FE}.AppStore|Any CPU.ActiveCfg = Release|Any CPU
		{206FCC36-7CA2-4545-A4AA-53752BDCA5FE}.AppStore|Any CPU.Build.0 = Release|Any CPU
		{206FCC36-7CA2-4545-A4AA-53752BDCA5FE}.AppStore|Any CPU.Deploy.0 = Release|Any CPU
		{206FCC36-7CA2-4545-A4AA-53752BDCA5FE}.AppStore|ARM.ActiveCfg = Release|Any CPU
		{206FCC36-7CA2-4545-A4AA-53752BDCA5FE}.AppStore|ARM.Build.0 = Release|Any CPU
		{206FCC36-7CA2-4545-A4AA-53752BDCA5FE}.AppStore|ARM.Deploy.0 = Release|Any CPU
		{206FCC36-7CA2-4545-A4AA-53752BDCA5FE}.AppStore|iPhone.ActiveCfg = Release|Any CPU
		{206FCC36-7CA2-4545-A4AA-53752BDCA5FE}.AppStore|iPhone.Build.0 = Release|Any CPU
		{206FCC36-7CA2-4545-A4AA-53752BDCA5FE}.AppStore|iPhone.Deploy.0 = Release|Any CPU
		{206FCC36-7CA2-4545-A4AA-53752BDCA5FE}.AppStore|iPhoneSimulator.ActiveCfg = Release|Any CPU
		{206FCC36-7CA2-4545-A4AA-53752BDCA5FE}.AppStore|iPhoneSimulator.Build.0 = Release|Any CPU
		{206FCC36-7CA2-4545-A4AA-53752BDCA5FE}.AppStore|iPhoneSimulator.Deploy.0 = Release|Any CPU
		{206FCC36-7CA2-4545-A4AA-53752BDCA5FE}.AppStore|x64.ActiveCfg = Release|Any CPU
		{206FCC36-7CA2-4545-A4AA-53752BDCA5FE}.AppStore|x64.Build.0 = Release|Any CPU
		{206FCC36-7CA2-4545-A4AA-53752BDCA5FE}.AppStore|x64.Deploy.0 = Release|Any CPU
		{206FCC36-7CA2-4545-A4AA-53752BDCA5FE}.AppStore|x86.ActiveCfg = Release|Any CPU
		{206FCC36-7CA2-4545-A4AA-53752BDCA5FE}.AppStore|x86.Build.0 = Release|Any CPU
		{206FCC36-7CA2-4545-A4AA-53752BDCA5FE}.AppStore|x86.Deploy.0 = Release|Any CPU
		{206FCC36-7CA2-4545-A4AA-53752BDCA5FE}.Debug|Any CPU.ActiveCfg = Debug|Any CPU
		{206FCC36-7CA2-4545-A4AA-53752BDCA5FE}.Debug|Any CPU.Build.0 = Debug|Any CPU
		{206FCC36-7CA2-4545-A4AA-53752BDCA5FE}.Debug|Any CPU.Deploy.0 = Debug|Any CPU
		{206FCC36-7CA2-4545-A4AA-53752BDCA5FE}.Debug|ARM.ActiveCfg = Debug|Any CPU
		{206FCC36-7CA2-4545-A4AA-53752BDCA5FE}.Debug|ARM.Build.0 = Debug|Any CPU
		{206FCC36-7CA2-4545-A4AA-53752BDCA5FE}.Debug|ARM.Deploy.0 = Debug|Any CPU
		{206FCC36-7CA2-4545-A4AA-53752BDCA5FE}.Debug|iPhone.ActiveCfg = Debug|Any CPU
		{206FCC36-7CA2-4545-A4AA-53752BDCA5FE}.Debug|iPhone.Build.0 = Debug|Any CPU
		{206FCC36-7CA2-4545-A4AA-53752BDCA5FE}.Debug|iPhone.Deploy.0 = Debug|Any CPU
		{206FCC36-7CA2-4545-A4AA-53752BDCA5FE}.Debug|iPhoneSimulator.ActiveCfg = Debug|Any CPU
		{206FCC36-7CA2-4545-A4AA-53752BDCA5FE}.Debug|iPhoneSimulator.Build.0 = Debug|Any CPU
		{206FCC36-7CA2-4545-A4AA-53752BDCA5FE}.Debug|iPhoneSimulator.Deploy.0 = Debug|Any CPU
		{206FCC36-7CA2-4545-A4AA-53752BDCA5FE}.Debug|x64.ActiveCfg = Debug|Any CPU
		{206FCC36-7CA2-4545-A4AA-53752BDCA5FE}.Debug|x64.Build.0 = Debug|Any CPU
		{206FCC36-7CA2-4545-A4AA-53752BDCA5FE}.Debug|x64.Deploy.0 = Debug|Any CPU
		{206FCC36-7CA2-4545-A4AA-53752BDCA5FE}.Debug|x86.ActiveCfg = Debug|Any CPU
		{206FCC36-7CA2-4545-A4AA-53752BDCA5FE}.Debug|x86.Build.0 = Debug|Any CPU
		{206FCC36-7CA2-4545-A4AA-53752BDCA5FE}.Debug|x86.Deploy.0 = Debug|Any CPU
		{206FCC36-7CA2-4545-A4AA-53752BDCA5FE}.Release|Any CPU.ActiveCfg = Release|Any CPU
		{206FCC36-7CA2-4545-A4AA-53752BDCA5FE}.Release|Any CPU.Build.0 = Release|Any CPU
		{206FCC36-7CA2-4545-A4AA-53752BDCA5FE}.Release|Any CPU.Deploy.0 = Release|Any CPU
		{206FCC36-7CA2-4545-A4AA-53752BDCA5FE}.Release|ARM.ActiveCfg = Release|Any CPU
		{206FCC36-7CA2-4545-A4AA-53752BDCA5FE}.Release|ARM.Build.0 = Release|Any CPU
		{206FCC36-7CA2-4545-A4AA-53752BDCA5FE}.Release|ARM.Deploy.0 = Release|Any CPU
		{206FCC36-7CA2-4545-A4AA-53752BDCA5FE}.Release|iPhone.ActiveCfg = Release|Any CPU
		{206FCC36-7CA2-4545-A4AA-53752BDCA5FE}.Release|iPhone.Build.0 = Release|Any CPU
		{206FCC36-7CA2-4545-A4AA-53752BDCA5FE}.Release|iPhone.Deploy.0 = Release|Any CPU
		{206FCC36-7CA2-4545-A4AA-53752BDCA5FE}.Release|iPhoneSimulator.ActiveCfg = Release|Any CPU
		{206FCC36-7CA2-4545-A4AA-53752BDCA5FE}.Release|iPhoneSimulator.Build.0 = Release|Any CPU
		{206FCC36-7CA2-4545-A4AA-53752BDCA5FE}.Release|iPhoneSimulator.Deploy.0 = Release|Any CPU
		{206FCC36-7CA2-4545-A4AA-53752BDCA5FE}.Release|x64.ActiveCfg = Release|Any CPU
		{206FCC36-7CA2-4545-A4AA-53752BDCA5FE}.Release|x64.Build.0 = Release|Any CPU
		{206FCC36-7CA2-4545-A4AA-53752BDCA5FE}.Release|x64.Deploy.0 = Release|Any CPU
		{206FCC36-7CA2-4545-A4AA-53752BDCA5FE}.Release|x86.ActiveCfg = Release|Any CPU
		{206FCC36-7CA2-4545-A4AA-53752BDCA5FE}.Release|x86.Build.0 = Release|Any CPU
		{206FCC36-7CA2-4545-A4AA-53752BDCA5FE}.Release|x86.Deploy.0 = Release|Any CPU
		{DFA1E7BF-18CA-4103-9284-388C92F434C1}.Ad-Hoc|Any CPU.ActiveCfg = Ad-Hoc|iPhone
		{DFA1E7BF-18CA-4103-9284-388C92F434C1}.Ad-Hoc|ARM.ActiveCfg = Ad-Hoc|iPhone
		{DFA1E7BF-18CA-4103-9284-388C92F434C1}.Ad-Hoc|iPhone.ActiveCfg = Ad-Hoc|iPhone
		{DFA1E7BF-18CA-4103-9284-388C92F434C1}.Ad-Hoc|iPhone.Build.0 = Ad-Hoc|iPhone
		{DFA1E7BF-18CA-4103-9284-388C92F434C1}.Ad-Hoc|iPhoneSimulator.ActiveCfg = Ad-Hoc|iPhoneSimulator
		{DFA1E7BF-18CA-4103-9284-388C92F434C1}.Ad-Hoc|iPhoneSimulator.Build.0 = Ad-Hoc|iPhoneSimulator
		{DFA1E7BF-18CA-4103-9284-388C92F434C1}.Ad-Hoc|x64.ActiveCfg = Ad-Hoc|iPhone
		{DFA1E7BF-18CA-4103-9284-388C92F434C1}.Ad-Hoc|x86.ActiveCfg = Ad-Hoc|iPhone
		{DFA1E7BF-18CA-4103-9284-388C92F434C1}.AppStore|Any CPU.ActiveCfg = AppStore|iPhone
		{DFA1E7BF-18CA-4103-9284-388C92F434C1}.AppStore|ARM.ActiveCfg = AppStore|iPhone
		{DFA1E7BF-18CA-4103-9284-388C92F434C1}.AppStore|iPhone.ActiveCfg = AppStore|iPhone
		{DFA1E7BF-18CA-4103-9284-388C92F434C1}.AppStore|iPhone.Build.0 = AppStore|iPhone
		{DFA1E7BF-18CA-4103-9284-388C92F434C1}.AppStore|iPhoneSimulator.ActiveCfg = AppStore|iPhoneSimulator
		{DFA1E7BF-18CA-4103-9284-388C92F434C1}.AppStore|iPhoneSimulator.Build.0 = AppStore|iPhoneSimulator
		{DFA1E7BF-18CA-4103-9284-388C92F434C1}.AppStore|x64.ActiveCfg = AppStore|iPhone
		{DFA1E7BF-18CA-4103-9284-388C92F434C1}.AppStore|x86.ActiveCfg = AppStore|iPhone
		{DFA1E7BF-18CA-4103-9284-388C92F434C1}.Debug|Any CPU.ActiveCfg = Debug|iPhone
		{DFA1E7BF-18CA-4103-9284-388C92F434C1}.Debug|ARM.ActiveCfg = Debug|iPhone
		{DFA1E7BF-18CA-4103-9284-388C92F434C1}.Debug|iPhone.ActiveCfg = Debug|iPhone
		{DFA1E7BF-18CA-4103-9284-388C92F434C1}.Debug|iPhone.Build.0 = Debug|iPhone
		{DFA1E7BF-18CA-4103-9284-388C92F434C1}.Debug|iPhoneSimulator.ActiveCfg = Debug|iPhoneSimulator
		{DFA1E7BF-18CA-4103-9284-388C92F434C1}.Debug|iPhoneSimulator.Build.0 = Debug|iPhoneSimulator
		{DFA1E7BF-18CA-4103-9284-388C92F434C1}.Debug|x64.ActiveCfg = Debug|iPhone
		{DFA1E7BF-18CA-4103-9284-388C92F434C1}.Debug|x86.ActiveCfg = Debug|iPhone
		{DFA1E7BF-18CA-4103-9284-388C92F434C1}.Release|Any CPU.ActiveCfg = Release|iPhone
		{DFA1E7BF-18CA-4103-9284-388C92F434C1}.Release|ARM.ActiveCfg = Release|iPhone
		{DFA1E7BF-18CA-4103-9284-388C92F434C1}.Release|iPhone.ActiveCfg = Release|iPhone
		{DFA1E7BF-18CA-4103-9284-388C92F434C1}.Release|iPhone.Build.0 = Release|iPhone
		{DFA1E7BF-18CA-4103-9284-388C92F434C1}.Release|iPhoneSimulator.ActiveCfg = Release|iPhoneSimulator
		{DFA1E7BF-18CA-4103-9284-388C92F434C1}.Release|iPhoneSimulator.Build.0 = Release|iPhoneSimulator
		{DFA1E7BF-18CA-4103-9284-388C92F434C1}.Release|x64.ActiveCfg = Release|iPhone
		{DFA1E7BF-18CA-4103-9284-388C92F434C1}.Release|x86.ActiveCfg = Release|iPhone
		{AF1BE553-936A-4C7F-8024-56F356B9C980}.Ad-Hoc|Any CPU.ActiveCfg = Release|Any CPU
		{AF1BE553-936A-4C7F-8024-56F356B9C980}.Ad-Hoc|Any CPU.Build.0 = Release|Any CPU
		{AF1BE553-936A-4C7F-8024-56F356B9C980}.Ad-Hoc|Any CPU.Deploy.0 = Release|Any CPU
		{AF1BE553-936A-4C7F-8024-56F356B9C980}.Ad-Hoc|ARM.ActiveCfg = Release|ARM
		{AF1BE553-936A-4C7F-8024-56F356B9C980}.Ad-Hoc|ARM.Build.0 = Release|ARM
		{AF1BE553-936A-4C7F-8024-56F356B9C980}.Ad-Hoc|ARM.Deploy.0 = Release|ARM
		{AF1BE553-936A-4C7F-8024-56F356B9C980}.Ad-Hoc|iPhone.ActiveCfg = Release|Any CPU
		{AF1BE553-936A-4C7F-8024-56F356B9C980}.Ad-Hoc|iPhone.Build.0 = Release|Any CPU
		{AF1BE553-936A-4C7F-8024-56F356B9C980}.Ad-Hoc|iPhone.Deploy.0 = Release|Any CPU
		{AF1BE553-936A-4C7F-8024-56F356B9C980}.Ad-Hoc|iPhoneSimulator.ActiveCfg = Release|Any CPU
		{AF1BE553-936A-4C7F-8024-56F356B9C980}.Ad-Hoc|iPhoneSimulator.Build.0 = Release|Any CPU
		{AF1BE553-936A-4C7F-8024-56F356B9C980}.Ad-Hoc|iPhoneSimulator.Deploy.0 = Release|Any CPU
		{AF1BE553-936A-4C7F-8024-56F356B9C980}.Ad-Hoc|x64.ActiveCfg = Release|Any CPU
		{AF1BE553-936A-4C7F-8024-56F356B9C980}.Ad-Hoc|x64.Build.0 = Release|Any CPU
		{AF1BE553-936A-4C7F-8024-56F356B9C980}.Ad-Hoc|x64.Deploy.0 = Release|Any CPU
		{AF1BE553-936A-4C7F-8024-56F356B9C980}.Ad-Hoc|x86.ActiveCfg = Release|x86
		{AF1BE553-936A-4C7F-8024-56F356B9C980}.Ad-Hoc|x86.Build.0 = Release|x86
		{AF1BE553-936A-4C7F-8024-56F356B9C980}.Ad-Hoc|x86.Deploy.0 = Release|x86
		{AF1BE553-936A-4C7F-8024-56F356B9C980}.AppStore|Any CPU.ActiveCfg = Release|Any CPU
		{AF1BE553-936A-4C7F-8024-56F356B9C980}.AppStore|Any CPU.Build.0 = Release|Any CPU
		{AF1BE553-936A-4C7F-8024-56F356B9C980}.AppStore|Any CPU.Deploy.0 = Release|Any CPU
		{AF1BE553-936A-4C7F-8024-56F356B9C980}.AppStore|ARM.ActiveCfg = Release|ARM
		{AF1BE553-936A-4C7F-8024-56F356B9C980}.AppStore|ARM.Build.0 = Release|ARM
		{AF1BE553-936A-4C7F-8024-56F356B9C980}.AppStore|ARM.Deploy.0 = Release|ARM
		{AF1BE553-936A-4C7F-8024-56F356B9C980}.AppStore|iPhone.ActiveCfg = Release|Any CPU
		{AF1BE553-936A-4C7F-8024-56F356B9C980}.AppStore|iPhone.Build.0 = Release|Any CPU
		{AF1BE553-936A-4C7F-8024-56F356B9C980}.AppStore|iPhone.Deploy.0 = Release|Any CPU
		{AF1BE553-936A-4C7F-8024-56F356B9C980}.AppStore|iPhoneSimulator.ActiveCfg = Release|Any CPU
		{AF1BE553-936A-4C7F-8024-56F356B9C980}.AppStore|iPhoneSimulator.Build.0 = Release|Any CPU
		{AF1BE553-936A-4C7F-8024-56F356B9C980}.AppStore|iPhoneSimulator.Deploy.0 = Release|Any CPU
		{AF1BE553-936A-4C7F-8024-56F356B9C980}.AppStore|x64.ActiveCfg = Release|Any CPU
		{AF1BE553-936A-4C7F-8024-56F356B9C980}.AppStore|x64.Build.0 = Release|Any CPU
		{AF1BE553-936A-4C7F-8024-56F356B9C980}.AppStore|x64.Deploy.0 = Release|Any CPU
		{AF1BE553-936A-4C7F-8024-56F356B9C980}.AppStore|x86.ActiveCfg = Release|x86
		{AF1BE553-936A-4C7F-8024-56F356B9C980}.AppStore|x86.Build.0 = Release|x86
		{AF1BE553-936A-4C7F-8024-56F356B9C980}.AppStore|x86.Deploy.0 = Release|x86
		{AF1BE553-936A-4C7F-8024-56F356B9C980}.Debug|Any CPU.ActiveCfg = Debug|Any CPU
		{AF1BE553-936A-4C7F-8024-56F356B9C980}.Debug|Any CPU.Build.0 = Debug|Any CPU
		{AF1BE553-936A-4C7F-8024-56F356B9C980}.Debug|Any CPU.Deploy.0 = Debug|Any CPU
		{AF1BE553-936A-4C7F-8024-56F356B9C980}.Debug|ARM.ActiveCfg = Debug|ARM
		{AF1BE553-936A-4C7F-8024-56F356B9C980}.Debug|ARM.Build.0 = Debug|ARM
		{AF1BE553-936A-4C7F-8024-56F356B9C980}.Debug|ARM.Deploy.0 = Debug|ARM
		{AF1BE553-936A-4C7F-8024-56F356B9C980}.Debug|iPhone.ActiveCfg = Debug|Any CPU
		{AF1BE553-936A-4C7F-8024-56F356B9C980}.Debug|iPhone.Build.0 = Debug|Any CPU
		{AF1BE553-936A-4C7F-8024-56F356B9C980}.Debug|iPhone.Deploy.0 = Debug|Any CPU
		{AF1BE553-936A-4C7F-8024-56F356B9C980}.Debug|iPhoneSimulator.ActiveCfg = Debug|Any CPU
		{AF1BE553-936A-4C7F-8024-56F356B9C980}.Debug|iPhoneSimulator.Build.0 = Debug|Any CPU
		{AF1BE553-936A-4C7F-8024-56F356B9C980}.Debug|iPhoneSimulator.Deploy.0 = Debug|Any CPU
		{AF1BE553-936A-4C7F-8024-56F356B9C980}.Debug|x64.ActiveCfg = Debug|Any CPU
		{AF1BE553-936A-4C7F-8024-56F356B9C980}.Debug|x64.Build.0 = Debug|Any CPU
		{AF1BE553-936A-4C7F-8024-56F356B9C980}.Debug|x64.Deploy.0 = Debug|Any CPU
		{AF1BE553-936A-4C7F-8024-56F356B9C980}.Debug|x86.ActiveCfg = Debug|x86
		{AF1BE553-936A-4C7F-8024-56F356B9C980}.Debug|x86.Build.0 = Debug|x86
		{AF1BE553-936A-4C7F-8024-56F356B9C980}.Debug|x86.Deploy.0 = Debug|x86
		{AF1BE553-936A-4C7F-8024-56F356B9C980}.Release|Any CPU.ActiveCfg = Release|Any CPU
		{AF1BE553-936A-4C7F-8024-56F356B9C980}.Release|Any CPU.Build.0 = Release|Any CPU
		{AF1BE553-936A-4C7F-8024-56F356B9C980}.Release|Any CPU.Deploy.0 = Release|Any CPU
		{AF1BE553-936A-4C7F-8024-56F356B9C980}.Release|ARM.ActiveCfg = Release|ARM
		{AF1BE553-936A-4C7F-8024-56F356B9C980}.Release|ARM.Build.0 = Release|ARM
		{AF1BE553-936A-4C7F-8024-56F356B9C980}.Release|ARM.Deploy.0 = Release|ARM
		{AF1BE553-936A-4C7F-8024-56F356B9C980}.Release|iPhone.ActiveCfg = Release|Any CPU
		{AF1BE553-936A-4C7F-8024-56F356B9C980}.Release|iPhone.Build.0 = Release|Any CPU
		{AF1BE553-936A-4C7F-8024-56F356B9C980}.Release|iPhone.Deploy.0 = Release|Any CPU
		{AF1BE553-936A-4C7F-8024-56F356B9C980}.Release|iPhoneSimulator.ActiveCfg = Release|Any CPU
		{AF1BE553-936A-4C7F-8024-56F356B9C980}.Release|iPhoneSimulator.Build.0 = Release|Any CPU
		{AF1BE553-936A-4C7F-8024-56F356B9C980}.Release|iPhoneSimulator.Deploy.0 = Release|Any CPU
		{AF1BE553-936A-4C7F-8024-56F356B9C980}.Release|x64.ActiveCfg = Release|Any CPU
		{AF1BE553-936A-4C7F-8024-56F356B9C980}.Release|x64.Build.0 = Release|Any CPU
		{AF1BE553-936A-4C7F-8024-56F356B9C980}.Release|x64.Deploy.0 = Release|Any CPU
		{AF1BE553-936A-4C7F-8024-56F356B9C980}.Release|x86.ActiveCfg = Release|x86
		{AF1BE553-936A-4C7F-8024-56F356B9C980}.Release|x86.Build.0 = Release|x86
		{AF1BE553-936A-4C7F-8024-56F356B9C980}.Release|x86.Deploy.0 = Release|x86
		{4969D294-485A-4B1E-AC4C-5B9CD9EAD6B8}.Ad-Hoc|Any CPU.ActiveCfg = Release|Any CPU
		{4969D294-485A-4B1E-AC4C-5B9CD9EAD6B8}.Ad-Hoc|Any CPU.Build.0 = Release|Any CPU
		{4969D294-485A-4B1E-AC4C-5B9CD9EAD6B8}.Ad-Hoc|Any CPU.Deploy.0 = Release|Any CPU
		{4969D294-485A-4B1E-AC4C-5B9CD9EAD6B8}.Ad-Hoc|ARM.ActiveCfg = Release|ARM
		{4969D294-485A-4B1E-AC4C-5B9CD9EAD6B8}.Ad-Hoc|ARM.Build.0 = Release|ARM
		{4969D294-485A-4B1E-AC4C-5B9CD9EAD6B8}.Ad-Hoc|ARM.Deploy.0 = Release|ARM
		{4969D294-485A-4B1E-AC4C-5B9CD9EAD6B8}.Ad-Hoc|iPhone.ActiveCfg = Release|Any CPU
		{4969D294-485A-4B1E-AC4C-5B9CD9EAD6B8}.Ad-Hoc|iPhone.Build.0 = Release|Any CPU
		{4969D294-485A-4B1E-AC4C-5B9CD9EAD6B8}.Ad-Hoc|iPhone.Deploy.0 = Release|Any CPU
		{4969D294-485A-4B1E-AC4C-5B9CD9EAD6B8}.Ad-Hoc|iPhoneSimulator.ActiveCfg = Release|Any CPU
		{4969D294-485A-4B1E-AC4C-5B9CD9EAD6B8}.Ad-Hoc|iPhoneSimulator.Build.0 = Release|Any CPU
		{4969D294-485A-4B1E-AC4C-5B9CD9EAD6B8}.Ad-Hoc|iPhoneSimulator.Deploy.0 = Release|Any CPU
		{4969D294-485A-4B1E-AC4C-5B9CD9EAD6B8}.Ad-Hoc|x64.ActiveCfg = Release|x64
		{4969D294-485A-4B1E-AC4C-5B9CD9EAD6B8}.Ad-Hoc|x64.Build.0 = Release|x64
		{4969D294-485A-4B1E-AC4C-5B9CD9EAD6B8}.Ad-Hoc|x64.Deploy.0 = Release|x64
		{4969D294-485A-4B1E-AC4C-5B9CD9EAD6B8}.Ad-Hoc|x86.ActiveCfg = Release|x86
		{4969D294-485A-4B1E-AC4C-5B9CD9EAD6B8}.Ad-Hoc|x86.Build.0 = Release|x86
		{4969D294-485A-4B1E-AC4C-5B9CD9EAD6B8}.Ad-Hoc|x86.Deploy.0 = Release|x86
		{4969D294-485A-4B1E-AC4C-5B9CD9EAD6B8}.AppStore|Any CPU.ActiveCfg = Release|Any CPU
		{4969D294-485A-4B1E-AC4C-5B9CD9EAD6B8}.AppStore|Any CPU.Build.0 = Release|Any CPU
		{4969D294-485A-4B1E-AC4C-5B9CD9EAD6B8}.AppStore|Any CPU.Deploy.0 = Release|Any CPU
		{4969D294-485A-4B1E-AC4C-5B9CD9EAD6B8}.AppStore|ARM.ActiveCfg = Release|ARM
		{4969D294-485A-4B1E-AC4C-5B9CD9EAD6B8}.AppStore|ARM.Build.0 = Release|ARM
		{4969D294-485A-4B1E-AC4C-5B9CD9EAD6B8}.AppStore|ARM.Deploy.0 = Release|ARM
		{4969D294-485A-4B1E-AC4C-5B9CD9EAD6B8}.AppStore|iPhone.ActiveCfg = Release|Any CPU
		{4969D294-485A-4B1E-AC4C-5B9CD9EAD6B8}.AppStore|iPhone.Build.0 = Release|Any CPU
		{4969D294-485A-4B1E-AC4C-5B9CD9EAD6B8}.AppStore|iPhone.Deploy.0 = Release|Any CPU
		{4969D294-485A-4B1E-AC4C-5B9CD9EAD6B8}.AppStore|iPhoneSimulator.ActiveCfg = Release|Any CPU
		{4969D294-485A-4B1E-AC4C-5B9CD9EAD6B8}.AppStore|iPhoneSimulator.Build.0 = Release|Any CPU
		{4969D294-485A-4B1E-AC4C-5B9CD9EAD6B8}.AppStore|iPhoneSimulator.Deploy.0 = Release|Any CPU
		{4969D294-485A-4B1E-AC4C-5B9CD9EAD6B8}.AppStore|x64.ActiveCfg = Release|x64
		{4969D294-485A-4B1E-AC4C-5B9CD9EAD6B8}.AppStore|x64.Build.0 = Release|x64
		{4969D294-485A-4B1E-AC4C-5B9CD9EAD6B8}.AppStore|x64.Deploy.0 = Release|x64
		{4969D294-485A-4B1E-AC4C-5B9CD9EAD6B8}.AppStore|x86.ActiveCfg = Release|x86
		{4969D294-485A-4B1E-AC4C-5B9CD9EAD6B8}.AppStore|x86.Build.0 = Release|x86
		{4969D294-485A-4B1E-AC4C-5B9CD9EAD6B8}.AppStore|x86.Deploy.0 = Release|x86
		{4969D294-485A-4B1E-AC4C-5B9CD9EAD6B8}.Debug|Any CPU.ActiveCfg = Debug|Any CPU
		{4969D294-485A-4B1E-AC4C-5B9CD9EAD6B8}.Debug|Any CPU.Build.0 = Debug|Any CPU
		{4969D294-485A-4B1E-AC4C-5B9CD9EAD6B8}.Debug|Any CPU.Deploy.0 = Debug|Any CPU
		{4969D294-485A-4B1E-AC4C-5B9CD9EAD6B8}.Debug|ARM.ActiveCfg = Debug|ARM
		{4969D294-485A-4B1E-AC4C-5B9CD9EAD6B8}.Debug|ARM.Build.0 = Debug|ARM
		{4969D294-485A-4B1E-AC4C-5B9CD9EAD6B8}.Debug|ARM.Deploy.0 = Debug|ARM
		{4969D294-485A-4B1E-AC4C-5B9CD9EAD6B8}.Debug|iPhone.ActiveCfg = Debug|Any CPU
		{4969D294-485A-4B1E-AC4C-5B9CD9EAD6B8}.Debug|iPhone.Build.0 = Debug|Any CPU
		{4969D294-485A-4B1E-AC4C-5B9CD9EAD6B8}.Debug|iPhone.Deploy.0 = Debug|Any CPU
		{4969D294-485A-4B1E-AC4C-5B9CD9EAD6B8}.Debug|iPhoneSimulator.ActiveCfg = Debug|Any CPU
		{4969D294-485A-4B1E-AC4C-5B9CD9EAD6B8}.Debug|iPhoneSimulator.Build.0 = Debug|Any CPU
		{4969D294-485A-4B1E-AC4C-5B9CD9EAD6B8}.Debug|iPhoneSimulator.Deploy.0 = Debug|Any CPU
		{4969D294-485A-4B1E-AC4C-5B9CD9EAD6B8}.Debug|x64.ActiveCfg = Debug|x64
		{4969D294-485A-4B1E-AC4C-5B9CD9EAD6B8}.Debug|x64.Build.0 = Debug|x64
		{4969D294-485A-4B1E-AC4C-5B9CD9EAD6B8}.Debug|x64.Deploy.0 = Debug|x64
		{4969D294-485A-4B1E-AC4C-5B9CD9EAD6B8}.Debug|x86.ActiveCfg = Debug|x86
		{4969D294-485A-4B1E-AC4C-5B9CD9EAD6B8}.Debug|x86.Build.0 = Debug|x86
		{4969D294-485A-4B1E-AC4C-5B9CD9EAD6B8}.Debug|x86.Deploy.0 = Debug|x86
		{4969D294-485A-4B1E-AC4C-5B9CD9EAD6B8}.Release|Any CPU.ActiveCfg = Release|Any CPU
		{4969D294-485A-4B1E-AC4C-5B9CD9EAD6B8}.Release|Any CPU.Build.0 = Release|Any CPU
		{4969D294-485A-4B1E-AC4C-5B9CD9EAD6B8}.Release|Any CPU.Deploy.0 = Release|Any CPU
		{4969D294-485A-4B1E-AC4C-5B9CD9EAD6B8}.Release|ARM.ActiveCfg = Release|ARM
		{4969D294-485A-4B1E-AC4C-5B9CD9EAD6B8}.Release|ARM.Build.0 = Release|ARM
		{4969D294-485A-4B1E-AC4C-5B9CD9EAD6B8}.Release|ARM.Deploy.0 = Release|ARM
		{4969D294-485A-4B1E-AC4C-5B9CD9EAD6B8}.Release|iPhone.ActiveCfg = Release|Any CPU
		{4969D294-485A-4B1E-AC4C-5B9CD9EAD6B8}.Release|iPhone.Build.0 = Release|Any CPU
		{4969D294-485A-4B1E-AC4C-5B9CD9EAD6B8}.Release|iPhone.Deploy.0 = Release|Any CPU
		{4969D294-485A-4B1E-AC4C-5B9CD9EAD6B8}.Release|iPhoneSimulator.ActiveCfg = Release|Any CPU
		{4969D294-485A-4B1E-AC4C-5B9CD9EAD6B8}.Release|iPhoneSimulator.Build.0 = Release|Any CPU
		{4969D294-485A-4B1E-AC4C-5B9CD9EAD6B8}.Release|iPhoneSimulator.Deploy.0 = Release|Any CPU
		{4969D294-485A-4B1E-AC4C-5B9CD9EAD6B8}.Release|x64.ActiveCfg = Release|x64
		{4969D294-485A-4B1E-AC4C-5B9CD9EAD6B8}.Release|x64.Build.0 = Release|x64
		{4969D294-485A-4B1E-AC4C-5B9CD9EAD6B8}.Release|x64.Deploy.0 = Release|x64
		{4969D294-485A-4B1E-AC4C-5B9CD9EAD6B8}.Release|x86.ActiveCfg = Release|x86
		{4969D294-485A-4B1E-AC4C-5B9CD9EAD6B8}.Release|x86.Build.0 = Release|x86
		{4969D294-485A-4B1E-AC4C-5B9CD9EAD6B8}.Release|x86.Deploy.0 = Release|x86
	EndGlobalSection
	GlobalSection(SolutionProperties) = preSolution
		HideSolutionNode = FALSE
	EndGlobalSection
EndGlobal
